
Microsoft Visual Studio Solution File, Format Version 12.00
# Visual Studio Version 17
VisualStudioVersion = 17.0.31903.59
MinimumVisualStudioVersion = 10.0.40219.1
Project("{2150E333-8FDC-42A3-9474-1A3956D46DE8}") = "src", "src", "{827E0CD3-B72D-47B6-A68D-7590B98EB39B}"
EndProject
Project("{FAE04EC0-301F-11D3-BF4B-00C04F79EFBC}") = "GoodHamburger.Domain", "src\GoodHamburger.Domain\GoodHamburger.Domain.csproj", "{59B6FA4A-48F9-497E-85B9-17E186279AC0}"
EndProject
Project("{FAE04EC0-301F-11D3-BF4B-00C04F79EFBC}") = "GoodHamburger.Application", "src\GoodHamburger.Application\GoodHamburger.Application.csproj", "{B0C004BE-75D9-4F0B-BEBA-F7B6C2864B9C}"
EndProject
Project("{FAE04EC0-301F-11D3-BF4B-00C04F79EFBC}") = "GoodHamburger.Infrastructure", "src\GoodHamburger.Infrastructure\GoodHamburger.Infrastructure.csproj", "{7EF8E36C-4AE4-4694-9FEF-DB7A839FC60A}"
EndProject
Project("{FAE04EC0-301F-11D3-BF4B-00C04F79EFBC}") = "GoodHamburger.API", "src\GoodHamburger.API\GoodHamburger.API.csproj", "{0C428A20-C8AA-4FEA-B26F-3C1F10607184}"
EndProject
Project("{FAE04EC0-301F-11D3-BF4B-00C04F79EFBC}") = "GoodHamburger.Web", "src\GoodHamburger.Web\GoodHamburger.Web.csproj", "{9AFEEF04-87C5-4D4A-9CAF-A726155E221E}"
EndProject
Project("{FAE04EC0-301F-11D3-BF4B-00C04F79EFBC}") = "GoodHamburger.Tests", "tests\GoodHamburger.Tests\GoodHamburger.Tests.csproj", "{387C03C8-34A6-4C3B-B709-9CDEB15507F8}"
EndProject
Global
	GlobalSection(SolutionConfigurationPlatforms) = preSolution
		Debug|Any CPU = Debug|Any CPU
		Debug|x64 = Debug|x64
		Debug|x86 = Debug|x86
		Release|Any CPU = Release|Any CPU
		Release|x64 = Release|x64
		Release|x86 = Release|x86
	EndGlobalSection
	GlobalSection(ProjectConfigurationPlatforms) = postSolution
		{59B6FA4A-48F9-497E-85B9-17E186279AC0}.Debug|Any CPU.ActiveCfg = Debug|Any CPU
		{59B6FA4A-48F9-497E-85B9-17E186279AC0}.Debug|Any CPU.Build.0 = Debug|Any CPU
		{59B6FA4A-48F9-497E-85B9-17E186279AC0}.Debug|x64.ActiveCfg = Debug|Any CPU
		{59B6FA4A-48F9-497E-85B9-17E186279AC0}.Debug|x64.Build.0 = Debug|Any CPU
		{59B6FA4A-48F9-497E-85B9-17E186279AC0}.Debug|x86.ActiveCfg = Debug|Any CPU
		{59B6FA4A-48F9-497E-85B9-17E186279AC0}.Debug|x86.Build.0 = Debug|Any CPU
		{59B6FA4A-48F9-497E-85B9-17E186279AC0}.Release|Any CPU.ActiveCfg = Release|Any CPU
		{59B6FA4A-48F9-497E-85B9-17E186279AC0}.Release|Any CPU.Build.0 = Release|Any CPU
		{59B6FA4A-48F9-497E-85B9-17E186279AC0}.Release|x64.ActiveCfg = Release|Any CPU
		{59B6FA4A-48F9-497E-85B9-17E186279AC0}.Release|x64.Build.0 = Release|Any CPU
		{59B6FA4A-48F9-497E-85B9-17E186279AC0}.Release|x86.ActiveCfg = Release|Any CPU
		{59B6FA4A-48F9-497E-85B9-17E186279AC0}.Release|x86.Build.0 = Release|Any CPU
		{B0C004BE-75D9-4F0B-BEBA-F7B6C2864B9C}.Debug|Any CPU.ActiveCfg = Debug|Any CPU
		{B0C004BE-75D9-4F0B-BEBA-F7B6C2864B9C}.Debug|Any CPU.Build.0 = Debug|Any CPU
		{B0C004BE-75D9-4F0B-BEBA-F7B6C2864B9C}.Debug|x64.ActiveCfg = Debug|Any CPU
		{B0C004BE-75D9-4F0B-BEBA-F7B6C2864B9C}.Debug|x64.Build.0 = Debug|Any CPU
		{B0C004BE-75D9-4F0B-BEBA-F7B6C2864B9C}.Debug|x86.ActiveCfg = Debug|Any CPU
		{B0C004BE-75D9-4F0B-BEBA-F7B6C2864B9C}.Debug|x86.Build.0 = Debug|Any CPU
		{B0C004BE-75D9-4F0B-BEBA-F7B6C2864B9C}.Release|Any CPU.ActiveCfg = Release|Any CPU
		{B0C004BE-75D9-4F0B-BEBA-F7B6C2864B9C}.Release|Any CPU.Build.0 = Release|Any CPU
		{B0C004BE-75D9-4F0B-BEBA-F7B6C2864B9C}.Release|x64.ActiveCfg = Release|Any CPU
		{B0C004BE-75D9-4F0B-BEBA-F7B6C2864B9C}.Release|x64.Build.0 = Release|Any CPU
		{B0C004BE-75D9-4F0B-BEBA-F7B6C2864B9C}.Release|x86.ActiveCfg = Release|Any CPU
		{B0C004BE-75D9-4F0B-BEBA-F7B6C2864B9C}.Release|x86.Build.0 = Release|Any CPU
		{7EF8E36C-4AE4-4694-9FEF-DB7A839FC60A}.Debug|Any CPU.ActiveCfg = Debug|Any CPU
		{7EF8E36C-4AE4-4694-9FEF-DB7A839FC60A}.Debug|Any CPU.Build.0 = Debug|Any CPU
		{7EF8E36C-4AE4-4694-9FEF-DB7A839FC60A}.Debug|x64.ActiveCfg = Debug|Any CPU
		{7EF8E36C-4AE4-4694-9FEF-DB7A839FC60A}.Debug|x64.Build.0 = Debug|Any CPU
		{7EF8E36C-4AE4-4694-9FEF-DB7A839FC60A}.Debug|x86.ActiveCfg = Debug|Any CPU
		{7EF8E36C-4AE4-4694-9FEF-DB7A839FC60A}.Debug|x86.Build.0 = Debug|Any CPU
		{7EF8E36C-4AE4-4694-9FEF-DB7A839FC60A}.Release|Any CPU.ActiveCfg = Release|Any CPU
		{7EF8E36C-4AE4-4694-9FEF-DB7A839FC60A}.Release|Any CPU.Build.0 = Release|Any CPU
		{7EF8E36C-4AE4-4694-9FEF-DB7A839FC60A}.Release|x64.ActiveCfg = Release|Any CPU
		{7EF8E36C-4AE4-4694-9FEF-DB7A839FC60A}.Release|x64.Build.0 = Release|Any CPU
		{7EF8E36C-4AE4-4694-9FEF-DB7A839FC60A}.Release|x86.ActiveCfg = Release|Any CPU
		{7EF8E36C-4AE4-4694-9FEF-DB7A839FC60A}.Release|x86.Build.0 = Release|Any CPU
		{0C428A20-C8AA-4FEA-B26F-3C1F10607184}.Debug|Any CPU.ActiveCfg = Debug|Any CPU
		{0C428A20-C8AA-4FEA-B26F-3C1F10607184}.Debug|Any CPU.Build.0 = Debug|Any CPU
		{0C428A20-C8AA-4FEA-B26F-3C1F10607184}.Debug|x64.ActiveCfg = Debug|Any CPU
		{0C428A20-C8AA-4FEA-B26F-3C1F10607184}.Debug|x64.Build.0 = Debug|Any CPU
		{0C428A20-C8AA-4FEA-B26F-3C1F10607184}.Debug|x86.ActiveCfg = Debug|Any CPU
		{0C428A20-C8AA-4FEA-B26F-3C1F10607184}.Debug|x86.Build.0 = Debug|Any CPU
		{0C428A20-C8AA-4FEA-B26F-3C1F10607184}.Release|Any CPU.ActiveCfg = Release|Any CPU
		{0C428A20-C8AA-4FEA-B26F-3C1F10607184}.Release|Any CPU.Build.0 = Release|Any CPU
		{0C428A20-C8AA-4FEA-B26F-3C1F10607184}.Release|x64.ActiveCfg = Release|Any CPU
		{0C428A20-C8AA-4FEA-B26F-3C1F10607184}.Release|x64.Build.0 = Release|Any CPU
		{0C428A20-C8AA-4FEA-B26F-3C1F10607184}.Release|x86.ActiveCfg = Release|Any CPU
		{0C428A20-C8AA-4FEA-B26F-3C1F10607184}.Release|x86.Build.0 = Release|Any CPU
		{9AFEEF04-87C5-4D4A-9CAF-A726155E221E}.Debug|Any CPU.ActiveCfg = Debug|Any CPU
		{9AFEEF04-87C5-4D4A-9CAF-A726155E221E}.Debug|Any CPU.Build.0 = Debug|Any CPU
		{9AFEEF04-87C5-4D4A-9CAF-A726155E221E}.Debug|x64.ActiveCfg = Debug|Any CPU
		{9AFEEF04-87C5-4D4A-9CAF-A726155E221E}.Debug|x64.Build.0 = Debug|Any CPU
		{9AFEEF04-87C5-4D4A-9CAF-A726155E221E}.Debug|x86.ActiveCfg = Debug|Any CPU
		{9AFEEF04-87C5-4D4A-9CAF-A726155E221E}.Debug|x86.Build.0 = Debug|Any CPU
		{9AFEEF04-87C5-4D4A-9CAF-A726155E221E}.Release|Any CPU.ActiveCfg = Release|Any CPU
		{9AFEEF04-87C5-4D4A-9CAF-A726155E221E}.Release|Any CPU.Build.0 = Release|Any CPU
		{9AFEEF04-87C5-4D4A-9CAF-A726155E221E}.Release|x64.ActiveCfg = Release|Any CPU
		{9AFEEF04-87C5-4D4A-9CAF-A726155E221E}.Release|x64.Build.0 = Release|Any CPU
		{9AFEEF04-87C5-4D4A-9CAF-A726155E221E}.Release|x86.ActiveCfg = Release|Any CPU
		{9AFEEF04-87C5-4D4A-9CAF-A726155E221E}.Release|x86.Build.0 = Release|Any CPU
		{387C03C8-34A6-4C3B-B709-9CDEB15507F8}.Debug|Any CPU.ActiveCfg = Debug|Any CPU
		{387C03C8-34A6-4C3B-B709-9CDEB15507F8}.Debug|Any CPU.Build.0 = Debug|Any CPU
		{387C03C8-34A6-4C3B-B709-9CDEB15507F8}.Debug|x64.ActiveCfg = Debug|Any CPU
		{387C03C8-34A6-4C3B-B709-9CDEB15507F8}.Debug|x64.Build.0 = Debug|Any CPU
		{387C03C8-34A6-4C3B-B709-9CDEB15507F8}.Debug|x86.ActiveCfg = Debug|Any CPU
		{387C03C8-34A6-4C3B-B709-9CDEB15507F8}.Debug|x86.Build.0 = Debug|Any CPU
		{387C03C8-34A6-4C3B-B709-9CDEB15507F8}.Release|Any CPU.ActiveCfg = Release|Any CPU
		{387C03C8-34A6-4C3B-B709-9CDEB15507F8}.Release|Any CPU.Build.0 = Release|Any CPU
		{387C03C8-34A6-4C3B-B709-9CDEB15507F8}.Release|x64.ActiveCfg = Release|Any CPU
		{387C03C8-34A6-4C3B-B709-9CDEB15507F8}.Release|x64.Build.0 = Release|Any CPU
		{387C03C8-34A6-4C3B-B709-9CDEB15507F8}.Release|x86.ActiveCfg = Release|Any CPU
		{387C03C8-34A6-4C3B-B709-9CDEB15507F8}.Release|x86.Build.0 = Release|Any CPU
	EndGlobalSection
	GlobalSection(SolutionProperties) = preSolution
		HideSolutionNode = FALSE
	EndGlobalSection
	GlobalSection(NestedProjects) = preSolution
		{59B6FA4A-48F9-497E-85B9-17E186279AC0} = {827E0CD3-B72D-47B6-A68D-7590B98EB39B}
		{B0C004BE-75D9-4F0B-BEBA-F7B6C2864B9C} = {827E0CD3-B72D-47B6-A68D-7590B98EB39B}
		{7EF8E36C-4AE4-4694-9FEF-DB7A839FC60A} = {827E0CD3-B72D-47B6-A68D-7590B98EB39B}
		{0C428A20-C8AA-4FEA-B26F-3C1F10607184} = {827E0CD3-B72D-47B6-A68D-7590B98EB39B}
		{9AFEEF04-87C5-4D4A-9CAF-A726155E221E} = {827E0CD3-B72D-47B6-A68D-7590B98EB39B}
		{387C03C8-34A6-4C3B-B709-9CDEB15507F8} = {827E0CD3-B72D-47B6-A68D-7590B98EB39B}
	EndGlobalSection
EndGlobal
